// !$*UTF8*$!
{
	archiveVersion = 1;
	classes = {
	};
	objectVersion = 46;
	objects = {

/* Begin PBXBuildFile section */
		84453A181C9A8F92000551C8 /* main.m in Sources */ = {isa = PBXBuildFile; fileRef = 84453A171C9A8F92000551C8 /* main.m */; };
		84453A1B1C9A8F92000551C8 /* AppDelegate.m in Sources */ = {isa = PBXBuildFile; fileRef = 84453A1A1C9A8F92000551C8 /* AppDelegate.m */; };
		84453A1E1C9A8F92000551C8 /* ViewController.m in Sources */ = {isa = PBXBuildFile; fileRef = 84453A1D1C9A8F92000551C8 /* ViewController.m */; };
		84453A211C9A8F92000551C8 /* Main.storyboard in Resources */ = {isa = PBXBuildFile; fileRef = 84453A1F1C9A8F92000551C8 /* Main.storyboard */; };
		84453A231C9A8F92000551C8 /* Assets.xcassets in Resources */ = {isa = PBXBuildFile; fileRef = 84453A221C9A8F92000551C8 /* Assets.xcassets */; };
		84453A261C9A8F93000551C8 /* LaunchScreen.storyboard in Resources */ = {isa = PBXBuildFile; fileRef = 84453A241C9A8F93000551C8 /* LaunchScreen.storyboard */; };
		84453A341C9A8FB2000551C8 /* CCCache.m in Sources */ = {isa = PBXBuildFile; fileRef = 84453A2F1C9A8FB2000551C8 /* CCCache.m */; };
		84453A351C9A8FB2000551C8 /* CCCacheObject.m in Sources */ = {isa = PBXBuildFile; fileRef = 84453A311C9A8FB2000551C8 /* CCCacheObject.m */; };
		84453A361C9A8FB2000551C8 /* CCEncrypt.m in Sources */ = {isa = PBXBuildFile; fileRef = 84453A331C9A8FB2000551C8 /* CCEncrypt.m */; };
		84453A391C9A8FD8000551C8 /* CCJSONParse.m in Sources */ = {isa = PBXBuildFile; fileRef = 84453A381C9A8FD8000551C8 /* CCJSONParse.m */; };
/* End PBXBuildFile section */

/* Begin PBXFileReference section */
		84453A131C9A8F92000551C8 /* CCCache.app */ = {isa = PBXFileReference; explicitFileType = wrapper.application; includeInIndex = 0; path = CCCache.app; sourceTree = BUILT_PRODUCTS_DIR; };
		84453A171C9A8F92000551C8 /* main.m */ = {isa = PBXFileReference; lastKnownFileType = sourcecode.c.objc; path = main.m; sourceTree = "<group>"; };
		84453A191C9A8F92000551C8 /* AppDelegate.h */ = {isa = PBXFileReference; lastKnownFileType = sourcecode.c.h; path = AppDelegate.h; sourceTree = "<group>"; };
		84453A1A1C9A8F92000551C8 /* AppDelegate.m */ = {isa = PBXFileReference; lastKnownFileType = sourcecode.c.objc; path = AppDelegate.m; sourceTree = "<group>"; };
		84453A1C1C9A8F92000551C8 /* ViewController.h */ = {isa = PBXFileReference; lastKnownFileType = sourcecode.c.h; path = ViewController.h; sourceTree = "<group>"; };
		84453A1D1C9A8F92000551C8 /* ViewController.m */ = {isa = PBXFileReference; lastKnownFileType = sourcecode.c.objc; path = ViewController.m; sourceTree = "<group>"; };
		84453A201C9A8F92000551C8 /* Base */ = {isa = PBXFileReference; lastKnownFileType = file.storyboard; name = Base; path = Base.lproj/Main.storyboard; sourceTree = "<group>"; };
		84453A221C9A8F92000551C8 /* Assets.xcassets */ = {isa = PBXFileReference; lastKnownFileType = folder.assetcatalog; path = Assets.xcassets; sourceTree = "<group>"; };
		84453A251C9A8F93000551C8 /* Base */ = {isa = PBXFileReference; lastKnownFileType = file.storyboard; name = Base; path = Base.lproj/LaunchScreen.storyboard; sourceTree = "<group>"; };
		84453A271C9A8F93000551C8 /* Info.plist */ = {isa = PBXFileReference; lastKnownFileType = text.plist.xml; path = Info.plist; sourceTree = "<group>"; };
		84453A2E1C9A8FB2000551C8 /* CCCache.h */ = {isa = PBXFileReference; fileEncoding = 4; lastKnownFileType = sourcecode.c.h; path = CCCache.h; sourceTree = "<group>"; };
		84453A2F1C9A8FB2000551C8 /* CCCache.m */ = {isa = PBXFileReference; fileEncoding = 4; lastKnownFileType = sourcecode.c.objc; path = CCCache.m; sourceTree = "<group>"; };
		84453A301C9A8FB2000551C8 /* CCCacheObject.h */ = {isa = PBXFileReference; fileEncoding = 4; lastKnownFileType = sourcecode.c.h; path = CCCacheObject.h; sourceTree = "<group>"; };
		84453A311C9A8FB2000551C8 /* CCCacheObject.m */ = {isa = PBXFileReference; fileEncoding = 4; lastKnownFileType = sourcecode.c.objc; path = CCCacheObject.m; sourceTree = "<group>"; };
		84453A321C9A8FB2000551C8 /* CCEncrypt.h */ = {isa = PBXFileReference; fileEncoding = 4; lastKnownFileType = sourcecode.c.h; path = CCEncrypt.h; sourceTree = "<group>"; };
		84453A331C9A8FB2000551C8 /* CCEncrypt.m */ = {isa = PBXFileReference; fileEncoding = 4; lastKnownFileType = sourcecode.c.objc; path = CCEncrypt.m; sourceTree = "<group>"; };
		84453A371C9A8FD8000551C8 /* CCJSONParse.h */ = {isa = PBXFileReference; fileEncoding = 4; lastKnownFileType = sourcecode.c.h; path = CCJSONParse.h; sourceTree = "<group>"; };
		84453A381C9A8FD8000551C8 /* CCJSONParse.m */ = {isa = PBXFileReference; fileEncoding = 4; lastKnownFileType = sourcecode.c.objc; path = CCJSONParse.m; sourceTree = "<group>"; };
/* End PBXFileReference section */

/* Begin PBXFrameworksBuildPhase section */
		84453A101C9A8F92000551C8 /* Frameworks */ = {
			isa = PBXFrameworksBuildPhase;
			buildActionMask = 2147483647;
			files = (
			);
			runOnlyForDeploymentPostprocessing = 0;
		};
/* End PBXFrameworksBuildPhase section */

/* Begin PBXGroup section */
		84453A0A1C9A8F92000551C8 = {
			isa = PBXGroup;
			children = (
				84453A151C9A8F92000551C8 /* CCCache */,
				84453A141C9A8F92000551C8 /* Products */,
			);
			sourceTree = "<group>";
		};
		84453A141C9A8F92000551C8 /* Products */ = {
			isa = PBXGroup;
			children = (
				84453A131C9A8F92000551C8 /* CCCache.app */,
			);
			name = Products;
			sourceTree = "<group>";
		};
		84453A151C9A8F92000551C8 /* CCCache */ = {
			isa = PBXGroup;
			children = (
				84453A2D1C9A8FA6000551C8 /* CCCache */,
				84453A191C9A8F92000551C8 /* AppDelegate.h */,
				84453A1A1C9A8F92000551C8 /* AppDelegate.m */,
				84453A1C1C9A8F92000551C8 /* ViewController.h */,
				84453A1D1C9A8F92000551C8 /* ViewController.m */,
				84453A1F1C9A8F92000551C8 /* Main.storyboard */,
				84453A221C9A8F92000551C8 /* Assets.xcassets */,
				84453A241C9A8F93000551C8 /* LaunchScreen.storyboard */,
				84453A271C9A8F93000551C8 /* Info.plist */,
				84453A161C9A8F92000551C8 /* Supporting Files */,
			);
			path = CCCache;
			sourceTree = "<group>";
		};
		84453A161C9A8F92000551C8 /* Supporting Files */ = {
			isa = PBXGroup;
			children = (
				84453A171C9A8F92000551C8 /* main.m */,
			);
			name = "Supporting Files";
			sourceTree = "<group>";
		};
		84453A2D1C9A8FA6000551C8 /* CCCache */ = {
			isa = PBXGroup;
			children = (
				84453A371C9A8FD8000551C8 /* CCJSONParse.h */,
				84453A381C9A8FD8000551C8 /* CCJSONParse.m */,
				84453A2E1C9A8FB2000551C8 /* CCCache.h */,
				84453A2F1C9A8FB2000551C8 /* CCCache.m */,
				84453A301C9A8FB2000551C8 /* CCCacheObject.h */,
				84453A311C9A8FB2000551C8 /* CCCacheObject.m */,
				84453A321C9A8FB2000551C8 /* CCEncrypt.h */,
				84453A331C9A8FB2000551C8 /* CCEncrypt.m */,
			);
			name = CCCache;
			sourceTree = "<group>";
		};
/* End PBXGroup section */

/* Begin PBXNativeTarget section */
		84453A121C9A8F92000551C8 /* CCCache */ = {
			isa = PBXNativeTarget;
			buildConfigurationList = 84453A2A1C9A8F93000551C8 /* Build configuration list for PBXNativeTarget "CCCache" */;
			buildPhases = (
				84453A0F1C9A8F92000551C8 /* Sources */,
				84453A101C9A8F92000551C8 /* Frameworks */,
				84453A111C9A8F92000551C8 /* Resources */,
			);
			buildRules = (
			);
			dependencies = (
			);
			name = CCCache;
			productName = CCCache;
			productReference = 84453A131C9A8F92000551C8 /* CCCache.app */;
			productType = "com.apple.product-type.application";
		};
/* End PBXNativeTarget section */

/* Begin PBXProject section */
		84453A0B1C9A8F92000551C8 /* Project object */ = {
			isa = PBXProject;
			attributes = {
				LastUpgradeCheck = 0720;
				ORGANIZATIONNAME = ColeXm;
				TargetAttributes = {
					84453A121C9A8F92000551C8 = {
						CreatedOnToolsVersion = 7.2;
					};
				};
			};
			buildConfigurationList = 84453A0E1C9A8F92000551C8 /* Build configuration list for PBXProject "CCCache" */;
			compatibilityVersion = "Xcode 3.2";
			developmentRegion = English;
			hasScannedForEncodings = 0;
			knownRegions = (
				en,
				Base,
			);
			mainGroup = 84453A0A1C9A8F92000551C8;
			productRefGroup = 84453A141C9A8F92000551C8 /* Products */;
			projectDirPath = "";
			projectRoot = "";
			targets = (
				84453A121C9A8F92000551C8 /* CCCache */,
			);
		};
/* End PBXProject section */

/* Begin PBXResourcesBuildPhase section */
		84453A111C9A8F92000551C8 /* Resources */ = {
			isa = PBXResourcesBuildPhase;
			buildActionMask = 2147483647;
			files = (
				84453A261C9A8F93000551C8 /* LaunchScreen.storyboard in Resources */,
				84453A231C9A8F92000551C8 /* Assets.xcassets in Resources */,
				84453A211C9A8F92000551C8 /* Main.storyboard in Resources */,
			);
			runOnlyForDeploymentPostprocessing = 0;
		};
/* End PBXResourcesBuildPhase section */

/* Begin PBXSourcesBuildPhase section */
		84453A0F1C9A8F92000551C8 /* Sources */ = {
			isa = PBXSourcesBuildPhase;
			buildActionMask = 2147483647;
			files = (
				84453A1E1C9A8F92000551C8 /* ViewController.m in Sources */,
				84453A391C9A8FD8000551C8 /* CCJSONParse.m in Sources */,
				84453A351C9A8FB2000551C8 /* CCCacheObject.m in Sources */,
				84453A1B1C9A8F92000551C8 /* AppDelegate.m in Sources */,
				84453A341C9A8FB2000551C8 /* CCCache.m in Sources */,
				84453A181C9A8F92000551C8 /* main.m in Sources */,
				84453A361C9A8FB2000551C8 /* CCEncrypt.m in Sources */,
			);
			runOnlyForDeploymentPostprocessing = 0;
		};
/* End PBXSourcesBuildPhase section */

/* Begin PBXVariantGroup section */
		84453A1F1C9A8F92000551C8 /* Main.storyboard */ = {
			isa = PBXVariantGroup;
			children = (
				84453A201C9A8F92000551C8 /* Base */,
			);
			name = Main.storyboard;
			sourceTree = "<group>";
		};
		84453A241C9A8F93000551C8 /* LaunchScreen.storyboard */ = {
			isa = PBXVariantGroup;
			children = (
				84453A251C9A8F93000551C8 /* Base */,
			);
			name = LaunchScreen.storyboard;
			sourceTree = "<group>";
		};
/* End PBXVariantGroup section */

/* Begin XCBuildConfiguration section */
		84453A281C9A8F93000551C8 /* Debug */ = {
			isa = XCBuildConfiguration;
			buildSettings = {
				ALWAYS_SEARCH_USER_PATHS = NO;
				CLANG_CXX_LANGUAGE_STANDARD = "gnu++0x";
				CLANG_CXX_LIBRARY = "libc++";
				CLANG_ENABLE_MODULES = YES;
				CLANG_ENABLE_OBJC_ARC = YES;
				CLANG_WARN_BOOL_CONVERSION = YES;
				CLANG_WARN_CONSTANT_CONVERSION = YES;
				CLANG_WARN_DIRECT_OBJC_ISA_USAGE = YES_ERROR;
				CLANG_WARN_EMPTY_BODY = YES;
				CLANG_WARN_ENUM_CONVERSION = YES;
				CLANG_WARN_INT_CONVERSION = YES;
				CLANG_WARN_OBJC_ROOT_CLASS = YES_ERROR;
				CLANG_WARN_UNREACHABLE_CODE = YES;
				CLANG_WARN__DUPLICATE_METHOD_MATCH = YES;
				"CODE_SIGN_IDENTITY[sdk=iphoneos*]" = "iPhone Developer";
				COPY_PHASE_STRIP = NO;
				DEBUG_INFORMATION_FORMAT = dwarf;
				ENABLE_STRICT_OBJC_MSGSEND = YES;
				ENABLE_TESTABILITY = YES;
				GCC_C_LANGUAGE_STANDARD = gnu99;
				GCC_DYNAMIC_NO_PIC = NO;
				GCC_NO_COMMON_BLOCKS = YES;
				GCC_OPTIMIZATION_LEVEL = 0;
				GCC_PREPROCESSOR_DEFINITIONS = (
					"DEBUG=1",
					"$(inherited)",
				);
				GCC_WARN_64_TO_32_BIT_CONVERSION = YES;
				GCC_WARN_ABOUT_RETURN_TYPE = YES_ERROR;
				GCC_WARN_UNDECLARED_SELECTOR = YES;
				GCC_WARN_UNINITIALIZED_AUTOS = YES_AGGRESSIVE;
				GCC_WARN_UNUSED_FUNCTION = YES;
				GCC_WARN_UNUSED_VARIABLE = YES;
				IPHONEOS_DEPLOYMENT_TARGET = 9.2;
				MTL_ENABLE_DEBUG_INFO = YES;
				ONLY_ACTIVE_ARCH = YES;
				SDKROOT = iphoneos;
			};
			name = Debug;
		};
		84453A291C9A8F93000551C8 /* Release */ = {
			isa = XCBuildConfiguration;
			buildSettings = {
				ALWAYS_SEARCH_USER_PATHS = NO;
				CLANG_CXX_LANGUAGE_STANDARD = "gnu++0x";
				CLANG_CXX_LIBRARY = "libc++";
				CLANG_ENABLE_MODULES = YES;
				CLANG_ENABLE_OBJC_ARC = YES;
				CLANG_WARN_BOOL_CONVERSION = YES;
				CLANG_WARN_CONSTANT_CONVERSION = YES;
				CLANG_WARN_DIRECT_OBJC_ISA_USAGE = YES_ERROR;
				CLANG_WARN_EMPTY_BODY = YES;
				CLANG_WARN_ENUM_CONVERSION = YES;
				CLANG_WARN_INT_CONVERSION = YES;
				CLANG_WARN_OBJC_ROOT_CLASS = YES_ERROR;
				CLANG_WARN_UNREACHABLE_CODE = YES;
				CLANG_WARN__DUPLICATE_METHOD_MATCH = YES;
				"CODE_SIGN_IDENTITY[sdk=iphoneos*]" = "iPhone Developer";
				COPY_PHASE_STRIP = NO;
				DEBUG_INFORMATION_FORMAT = "dwarf-with-dsym";
				ENABLE_NS_ASSERTIONS = NO;
				ENABLE_STRICT_OBJC_MSGSEND = YES;
				GCC_C_LANGUAGE_STANDARD = gnu99;
				GCC_NO_COMMON_BLOCKS = YES;
				GCC_WARN_64_TO_32_BIT_CONVERSION = YES;
				GCC_WARN_ABOUT_RETURN_TYPE = YES_ERROR;
				GCC_WARN_UNDECLARED_SELECTOR = YES;
				GCC_WARN_UNINITIALIZED_AUTOS = YES_AGGRESSIVE;
				GCC_WARN_UNUSED_FUNCTION = YES;
				GCC_WARN_UNUSED_VARIABLE = YES;
				IPHONEOS_DEPLOYMENT_TARGET = 9.2;
				MTL_ENABLE_DEBUG_INFO = NO;
				SDKROOT = iphoneos;
				VALIDATE_PRODUCT = YES;
			};
			name = Release;
		};
		84453A2B1C9A8F93000551C8 /* Debug */ = {
			isa = XCBuildConfiguration;
			buildSettings = {
				ASSETCATALOG_COMPILER_APPICON_NAME = AppIcon;
				INFOPLIST_FILE = CCCache/Info.plist;
				LD_RUNPATH_SEARCH_PATHS = "$(inherited) @executable_path/Frameworks";
				PRODUCT_BUNDLE_IDENTIFIER = cole.CCCache;
				PRODUCT_NAME = "$(TARGET_NAME)";
			};
			name = Debug;
		};
		84453A2C1C9A8F93000551C8 /* Release */ = {
			isa = XCBuildConfiguration;
			buildSettings = {
				ASSETCATALOG_COMPILER_APPICON_NAME = AppIcon;
				INFOPLIST_FILE = CCCache/Info.plist;
				LD_RUNPATH_SEARCH_PATHS = "$(inherited) @executable_path/Frameworks";
				PRODUCT_BUNDLE_IDENTIFIER = cole.CCCache;
				PRODUCT_NAME = "$(TARGET_NAME)";
			};
			name = Release;
		};
/* End XCBuildConfiguration section */

/* Begin XCConfigurationList section */
		84453A0E1C9A8F92000551C8 /* Build configuration list for PBXProject "CCCache" */ = {
			isa = XCConfigurationList;
			buildConfigurations = (
				84453A281C9A8F93000551C8 /* Debug */,
				84453A291C9A8F93000551C8 /* Release */,
			);
			defaultConfigurationIsVisible = 0;
			defaultConfigurationName = Release;
		};
		84453A2A1C9A8F93000551C8 /* Build configuration list for PBXNativeTarget "CCCache" */ = {
			isa = XCConfigurationList;
			buildConfigurations = (
				84453A2B1C9A8F93000551C8 /* Debug */,
				84453A2C1C9A8F93000551C8 /* Release */,
			);
			defaultConfigurationIsVisible = 0;
		};
/* End XCConfigurationList section */
	};
	rootObject = 84453A0B1C9A8F92000551C8 /* Project object */;
}
